// !$*UTF8*$!
{
	archiveVersion = 1;
	classes = {
	};
	objectVersion = 46;
	objects = {

/* Begin PBXBuildFile section */
		661A47F61DF6A95700B56028 /* AddEditImageVC.swift in Sources */ = {isa = PBXBuildFile; fileRef = 661A47F51DF6A95700B56028 /* AddEditImageVC.swift */; };
		661A47F81DF6A97700B56028 /* ItemListDetailVC.swift in Sources */ = {isa = PBXBuildFile; fileRef = 661A47F71DF6A97700B56028 /* ItemListDetailVC.swift */; };
		661A47FA1DF6A9B400B56028 /* AddEditAddressVC.swift in Sources */ = {isa = PBXBuildFile; fileRef = 661A47F91DF6A9B400B56028 /* AddEditAddressVC.swift */; };
		661A48001DF6AA3800B56028 /* SettingsVC.swift in Sources */ = {isa = PBXBuildFile; fileRef = 661A47FF1DF6AA3800B56028 /* SettingsVC.swift */; };
		66242AD51DF0EDAE000B651F /* ItemListAddVC.swift in Sources */ = {isa = PBXBuildFile; fileRef = 66242AD41DF0EDAE000B651F /* ItemListAddVC.swift */; };
		66242AD71DF0F0F4000B651F /* MessageView.swift in Sources */ = {isa = PBXBuildFile; fileRef = 66242AD61DF0F0F4000B651F /* MessageView.swift */; };
		66242ADB1DF0F302000B651F /* barcode.png in Resources */ = {isa = PBXBuildFile; fileRef = 66242AD81DF0F302000B651F /* barcode.png */; };
		66242ADC1DF0F302000B651F /* barcode@2x.png in Resources */ = {isa = PBXBuildFile; fileRef = 66242AD91DF0F302000B651F /* barcode@2x.png */; };
		66242ADD1DF0F302000B651F /* barcode@3x.png in Resources */ = {isa = PBXBuildFile; fileRef = 66242ADA1DF0F302000B651F /* barcode@3x.png */; };
		66242ADF1DF1123E000B651F /* ItemCell.swift in Sources */ = {isa = PBXBuildFile; fileRef = 66242ADE1DF1123E000B651F /* ItemCell.swift */; };
		66242AE21DF24ED8000B651F /* Validator.swift in Sources */ = {isa = PBXBuildFile; fileRef = 66242AE11DF24ED8000B651F /* Validator.swift */; };
		66242AE41DF24FE4000B651F /* ErrorHandler.swift in Sources */ = {isa = PBXBuildFile; fileRef = 66242AE31DF24FE4000B651F /* ErrorHandler.swift */; };
		66242AE61DF46DD1000B651F /* CustomTextFieldContainer.swift in Sources */ = {isa = PBXBuildFile; fileRef = 66242AE51DF46DD0000B651F /* CustomTextFieldContainer.swift */; };
		66242AE81DF46F30000B651F /* LabelCustomSpacing.swift in Sources */ = {isa = PBXBuildFile; fileRef = 66242AE71DF46F30000B651F /* LabelCustomSpacing.swift */; };
		6636465A1DE0C3EA00E6D719 /* AppDelegate.swift in Sources */ = {isa = PBXBuildFile; fileRef = 663646591DE0C3EA00E6D719 /* AppDelegate.swift */; };
		6636465C1DE0C3EA00E6D719 /* TutorialVC.swift in Sources */ = {isa = PBXBuildFile; fileRef = 6636465B1DE0C3EA00E6D719 /* TutorialVC.swift */; };
		6636465F1DE0C3EA00E6D719 /* Main.storyboard in Resources */ = {isa = PBXBuildFile; fileRef = 6636465D1DE0C3EA00E6D719 /* Main.storyboard */; };
		663646611DE0C3EA00E6D719 /* Assets.xcassets in Resources */ = {isa = PBXBuildFile; fileRef = 663646601DE0C3EA00E6D719 /* Assets.xcassets */; };
		663646641DE0C3EA00E6D719 /* LaunchScreen.storyboard in Resources */ = {isa = PBXBuildFile; fileRef = 663646621DE0C3EA00E6D719 /* LaunchScreen.storyboard */; };
		6636466F1DE16A4300E6D719 /* effects.png in Resources */ = {isa = PBXBuildFile; fileRef = 6636466C1DE16A4300E6D719 /* effects.png */; };
		663646701DE16A4300E6D719 /* effects@2x.png in Resources */ = {isa = PBXBuildFile; fileRef = 6636466D1DE16A4300E6D719 /* effects@2x.png */; };
		663646711DE16A4300E6D719 /* effects@3x.png in Resources */ = {isa = PBXBuildFile; fileRef = 6636466E1DE16A4300E6D719 /* effects@3x.png */; };
		663646731DE16C6800E6D719 /* UIExtensions.swift in Sources */ = {isa = PBXBuildFile; fileRef = 663646721DE16C6800E6D719 /* UIExtensions.swift */; };
		663646891DE3E93A00E6D719 /* LogInViewController.swift in Sources */ = {isa = PBXBuildFile; fileRef = 663646881DE3E93A00E6D719 /* LogInViewController.swift */; };
		6636469C1DE4921F00E6D719 /* facebookImg.png in Resources */ = {isa = PBXBuildFile; fileRef = 6636468A1DE4921F00E6D719 /* facebookImg.png */; };
		6636469D1DE4921F00E6D719 /* facebookImg@2x.png in Resources */ = {isa = PBXBuildFile; fileRef = 6636468B1DE4921F00E6D719 /* facebookImg@2x.png */; };
		6636469E1DE4921F00E6D719 /* facebookImg@3x.png in Resources */ = {isa = PBXBuildFile; fileRef = 6636468C1DE4921F00E6D719 /* facebookImg@3x.png */; };
		6636469F1DE4921F00E6D719 /* goldCBlogo.png in Resources */ = {isa = PBXBuildFile; fileRef = 6636468D1DE4921F00E6D719 /* goldCBlogo.png */; };
		663646A01DE4921F00E6D719 /* goldCBlogo@2x.png in Resources */ = {isa = PBXBuildFile; fileRef = 6636468E1DE4921F00E6D719 /* goldCBlogo@2x.png */; };
		663646A11DE4921F00E6D719 /* goldCBlogo@3x.png in Resources */ = {isa = PBXBuildFile; fileRef = 6636468F1DE4921F00E6D719 /* goldCBlogo@3x.png */; };
		663646A21DE4921F00E6D719 /* googleImg.png in Resources */ = {isa = PBXBuildFile; fileRef = 663646901DE4921F00E6D719 /* googleImg.png */; };
		663646A31DE4921F00E6D719 /* googleImg@2x.png in Resources */ = {isa = PBXBuildFile; fileRef = 663646911DE4921F00E6D719 /* googleImg@2x.png */; };
		663646A41DE4921F00E6D719 /* googleImg@3x.png in Resources */ = {isa = PBXBuildFile; fileRef = 663646921DE4921F00E6D719 /* googleImg@3x.png */; };
		663646A51DE4921F00E6D719 /* greenCBlogo.png in Resources */ = {isa = PBXBuildFile; fileRef = 663646931DE4921F00E6D719 /* greenCBlogo.png */; };
		663646A61DE4921F00E6D719 /* greenCBlogo@2x.png in Resources */ = {isa = PBXBuildFile; fileRef = 663646941DE4921F00E6D719 /* greenCBlogo@2x.png */; };
		663646A71DE4921F00E6D719 /* greenCBlogo@3x.png in Resources */ = {isa = PBXBuildFile; fileRef = 663646951DE4921F00E6D719 /* greenCBlogo@3x.png */; };
		663646A81DE4921F00E6D719 /* pinkCBLogo.png in Resources */ = {isa = PBXBuildFile; fileRef = 663646961DE4921F00E6D719 /* pinkCBLogo.png */; };
		663646A91DE4921F00E6D719 /* pinkCBLogo@2x.png in Resources */ = {isa = PBXBuildFile; fileRef = 663646971DE4921F00E6D719 /* pinkCBLogo@2x.png */; };
		663646AA1DE4921F00E6D719 /* pinkCBLogo@3x.png in Resources */ = {isa = PBXBuildFile; fileRef = 663646981DE4921F00E6D719 /* pinkCBLogo@3x.png */; };
		663646AB1DE4921F00E6D719 /* purpleCBlogo.png in Resources */ = {isa = PBXBuildFile; fileRef = 663646991DE4921F00E6D719 /* purpleCBlogo.png */; };
		663646AC1DE4921F00E6D719 /* purpleCBlogo@2x.png in Resources */ = {isa = PBXBuildFile; fileRef = 6636469A1DE4921F00E6D719 /* purpleCBlogo@2x.png */; };
		663646AD1DE4921F00E6D719 /* purpleCBlogo@3x.png in Resources */ = {isa = PBXBuildFile; fileRef = 6636469B1DE4921F00E6D719 /* purpleCBlogo@3x.png */; };
		665E636E1DE6B55C002BA868 /* IconView.swift in Sources */ = {isa = PBXBuildFile; fileRef = 665E636D1DE6B55C002BA868 /* IconView.swift */; };
		665E63701DE6B573002BA868 /* UIColours.swift in Sources */ = {isa = PBXBuildFile; fileRef = 665E636F1DE6B573002BA868 /* UIColours.swift */; };
		665E63741DE82833002BA868 /* iconFacebook.png in Resources */ = {isa = PBXBuildFile; fileRef = 665E63711DE82833002BA868 /* iconFacebook.png */; };
		665E63751DE82833002BA868 /* iconFacebook@2x.png in Resources */ = {isa = PBXBuildFile; fileRef = 665E63721DE82833002BA868 /* iconFacebook@2x.png */; };
		665E63761DE82833002BA868 /* iconFacebook@3x.png in Resources */ = {isa = PBXBuildFile; fileRef = 665E63731DE82833002BA868 /* iconFacebook@3x.png */; };
		665E63781DE8293A002BA868 /* SignUpViewController.swift in Sources */ = {isa = PBXBuildFile; fileRef = 665E63771DE8293A002BA868 /* SignUpViewController.swift */; };
		665E637C1DE82F99002BA868 /* arrowBack.png in Resources */ = {isa = PBXBuildFile; fileRef = 665E63791DE82F99002BA868 /* arrowBack.png */; };
		665E637D1DE82F99002BA868 /* arrowBack@2x.png in Resources */ = {isa = PBXBuildFile; fileRef = 665E637A1DE82F99002BA868 /* arrowBack@2x.png */; };
		665E637E1DE82F99002BA868 /* arrowBack@3x.png in Resources */ = {isa = PBXBuildFile; fileRef = 665E637B1DE82F99002BA868 /* arrowBack@3x.png */; };
		66A5AD561DFD040C0090226B /* AnnotationPin.swift in Sources */ = {isa = PBXBuildFile; fileRef = 66A5AD551DFD040C0090226B /* AnnotationPin.swift */; };
		66C771401DE8331700E4810A /* MyDashboardVC.swift in Sources */ = {isa = PBXBuildFile; fileRef = 66C7713F1DE8331700E4810A /* MyDashboardVC.swift */; };
		66C7714A1DE83EB300E4810A /* homeIcon.png in Resources */ = {isa = PBXBuildFile; fileRef = 66C771411DE83EB300E4810A /* homeIcon.png */; };
		66C7714B1DE83EB300E4810A /* homeIcon@2x.png in Resources */ = {isa = PBXBuildFile; fileRef = 66C771421DE83EB300E4810A /* homeIcon@2x.png */; };
		66C7714C1DE83EB300E4810A /* homeIcon@3x.png in Resources */ = {isa = PBXBuildFile; fileRef = 66C771431DE83EB300E4810A /* homeIcon@3x.png */; };
		66C7714D1DE83EB300E4810A /* moneyIcon.png in Resources */ = {isa = PBXBuildFile; fileRef = 66C771441DE83EB300E4810A /* moneyIcon.png */; };
		66C7714E1DE83EB300E4810A /* moneyIcon@2x.png in Resources */ = {isa = PBXBuildFile; fileRef = 66C771451DE83EB300E4810A /* moneyIcon@2x.png */; };
		66C7714F1DE83EB300E4810A /* moneyIcon@3x.png in Resources */ = {isa = PBXBuildFile; fileRef = 66C771461DE83EB300E4810A /* moneyIcon@3x.png */; };
		66C771501DE83EB300E4810A /* personalIcon.png in Resources */ = {isa = PBXBuildFile; fileRef = 66C771471DE83EB300E4810A /* personalIcon.png */; };
		66C771511DE83EB300E4810A /* personalIcon@2x.png in Resources */ = {isa = PBXBuildFile; fileRef = 66C771481DE83EB300E4810A /* personalIcon@2x.png */; };
		66C771521DE83EB300E4810A /* personalIcon@3x.png in Resources */ = {isa = PBXBuildFile; fileRef = 66C771491DE83EB300E4810A /* personalIcon@3x.png */; };
		66C771561DE83EEF00E4810A /* settingsIcon.png in Resources */ = {isa = PBXBuildFile; fileRef = 66C771531DE83EEF00E4810A /* settingsIcon.png */; };
		66C771571DE83EEF00E4810A /* settingsIcon@2x.png in Resources */ = {isa = PBXBuildFile; fileRef = 66C771541DE83EEF00E4810A /* settingsIcon@2x.png */; };
		66C771581DE83EEF00E4810A /* settingsIcon@3x.png in Resources */ = {isa = PBXBuildFile; fileRef = 66C771551DE83EEF00E4810A /* settingsIcon@3x.png */; };
		66CB81B81E0212D800190315 /* search.png in Resources */ = {isa = PBXBuildFile; fileRef = 66CB81B51E0212D800190315 /* search.png */; };
		66CB81B91E0212D800190315 /* search@2x.png in Resources */ = {isa = PBXBuildFile; fileRef = 66CB81B61E0212D800190315 /* search@2x.png */; };
		66CB81BA1E0212D800190315 /* search@3x.png in Resources */ = {isa = PBXBuildFile; fileRef = 66CB81B71E0212D800190315 /* search@3x.png */; };
		66CB81BC1E02175300190315 /* SearchViewController.swift in Sources */ = {isa = PBXBuildFile; fileRef = 66CB81BB1E02175300190315 /* SearchViewController.swift */; };
		66D783491DF49B4F00BACC2C /* check.png in Resources */ = {isa = PBXBuildFile; fileRef = 66D783481DF49B4F00BACC2C /* check.png */; };
		66D7834B1DF4DD2100BACC2C /* CustomAnimatedButton.swift in Sources */ = {isa = PBXBuildFile; fileRef = 66D7834A1DF4DD2100BACC2C /* CustomAnimatedButton.swift */; };
		66D7834F1DF4E3CE00BACC2C /* iconCheck.png in Resources */ = {isa = PBXBuildFile; fileRef = 66D7834C1DF4E3CE00BACC2C /* iconCheck.png */; };
		66D783501DF4E3CE00BACC2C /* iconCheck@2x.png in Resources */ = {isa = PBXBuildFile; fileRef = 66D7834D1DF4E3CE00BACC2C /* iconCheck@2x.png */; };
		66D783511DF4E3CE00BACC2C /* iconCheck@3x.png in Resources */ = {isa = PBXBuildFile; fileRef = 66D7834E1DF4E3CE00BACC2C /* iconCheck@3x.png */; };
		66F942BC1DF8BDBB00C01DAF /* darkgreen.jpg in Resources */ = {isa = PBXBuildFile; fileRef = 66F942B51DF8BDBB00C01DAF /* darkgreen.jpg */; };
		66F942BD1DF8BDBB00C01DAF /* darkred.jpg in Resources */ = {isa = PBXBuildFile; fileRef = 66F942B61DF8BDBB00C01DAF /* darkred.jpg */; };
		66F942BE1DF8BDBB00C01DAF /* green.jpg in Resources */ = {isa = PBXBuildFile; fileRef = 66F942B71DF8BDBB00C01DAF /* green.jpg */; };
		66F942BF1DF8BDBB00C01DAF /* lightblue.jpg in Resources */ = {isa = PBXBuildFile; fileRef = 66F942B81DF8BDBB00C01DAF /* lightblue.jpg */; };
		66F942C01DF8BDBB00C01DAF /* lightred.jpg in Resources */ = {isa = PBXBuildFile; fileRef = 66F942B91DF8BDBB00C01DAF /* lightred.jpg */; };
		66F942C11DF8BDBB00C01DAF /* orange.jpg in Resources */ = {isa = PBXBuildFile; fileRef = 66F942BA1DF8BDBB00C01DAF /* orange.jpg */; };
		66F942C21DF8BDBB00C01DAF /* purple.jpg in Resources */ = {isa = PBXBuildFile; fileRef = 66F942BB1DF8BDBB00C01DAF /* purple.jpg */; };
		66F942C41DF9241E00C01DAF /* ItemListEditVC.swift in Sources */ = {isa = PBXBuildFile; fileRef = 66F942C31DF9241E00C01DAF /* ItemListEditVC.swift */; };
		66F942C61DF92CA500C01DAF /* CustomVC.swift in Sources */ = {isa = PBXBuildFile; fileRef = 66F942C51DF92CA500C01DAF /* CustomVC.swift */; };
		920B52721E0E0325005D5B60 /* SearchBaseTableVC.swift in Sources */ = {isa = PBXBuildFile; fileRef = 920B52711E0E0325005D5B60 /* SearchBaseTableVC.swift */; };
		920B52751E0F2478005D5B60 /* ScannedProduct.swift in Sources */ = {isa = PBXBuildFile; fileRef = 920B52741E0F2478005D5B60 /* ScannedProduct.swift */; };
		920B52771E1066AB005D5B60 /* SaveButtons.swift in Sources */ = {isa = PBXBuildFile; fileRef = 920B52761E1066AB005D5B60 /* SaveButtons.swift */; };
		920B52791E108DCD005D5B60 /* DataService-Retrieve.swift in Sources */ = {isa = PBXBuildFile; fileRef = 920B52781E108DCD005D5B60 /* DataService-Retrieve.swift */; };
		920B527B1E109421005D5B60 /* Location.swift in Sources */ = {isa = PBXBuildFile; fileRef = 920B527A1E109421005D5B60 /* Location.swift */; };
		92367A201E16CD4A005B11F9 /* DataService-Delete.swift in Sources */ = {isa = PBXBuildFile; fileRef = 92367A1F1E16CD4A005B11F9 /* DataService-Delete.swift */; };
		924C00991E07AC1000C73C6A /* ColourResultsVC.swift in Sources */ = {isa = PBXBuildFile; fileRef = 924C00981E07AC1000C73C6A /* ColourResultsVC.swift */; };
		9262ECDA1E00FA8A005FD5AC /* FinalizedPaint.csv in Resources */ = {isa = PBXBuildFile; fileRef = 9262ECD81E00FA8A005FD5AC /* FinalizedPaint.csv */; };
		9262ECDB1E00FA8A005FD5AC /* productlist.csv in Resources */ = {isa = PBXBuildFile; fileRef = 9262ECD91E00FA8A005FD5AC /* productlist.csv */; };
		9277E0B11DF64F0A001E0B9B /* FBSDKCoreKit.framework in Frameworks */ = {isa = PBXBuildFile; fileRef = 9277E0B01DF64F0A001E0B9B /* FBSDKCoreKit.framework */; };
		9277E0B31DF64F63001E0B9B /* Bolts.framework in Frameworks */ = {isa = PBXBuildFile; fileRef = 9277E0B21DF64F63001E0B9B /* Bolts.framework */; };
		9277E0BE1DFA7D94001E0B9B /* SearchAddressVC.swift in Sources */ = {isa = PBXBuildFile; fileRef = 9277E0BD1DFA7D94001E0B9B /* SearchAddressVC.swift */; };
		9277E0C01DFA8323001E0B9B /* AddressVC.swift in Sources */ = {isa = PBXBuildFile; fileRef = 9277E0BF1DFA8323001E0B9B /* AddressVC.swift */; };
		92874DE11E0BB1E400A3D6BC /* UIColourExtension.swift in Sources */ = {isa = PBXBuildFile; fileRef = 92874DE01E0BB1E400A3D6BC /* UIColourExtension.swift */; };
		929AD0031E03C56E00AB9C63 /* SelectAddressVC.swift in Sources */ = {isa = PBXBuildFile; fileRef = 929AD0021E03C56E00AB9C63 /* SelectAddressVC.swift */; };
		92A7A7ED1E1EECA800070FE0 /* DataService-Query.swift in Sources */ = {isa = PBXBuildFile; fileRef = 92A7A7EC1E1EECA800070FE0 /* DataService-Query.swift */; };
		92A7D3EF1E15823800345D94 /* DataService-Save.swift in Sources */ = {isa = PBXBuildFile; fileRef = 92A7D3EE1E15823800345D94 /* DataService-Save.swift */; };
		92B4A61B1DE8FD9300F35DED /* CSVViewController.swift in Sources */ = {isa = PBXBuildFile; fileRef = 92B4A61A1DE8FD9300F35DED /* CSVViewController.swift */; };
		92B4A61D1DEA5B1C00F35DED /* Colour.swift in Sources */ = {isa = PBXBuildFile; fileRef = 92B4A61C1DEA5B1C00F35DED /* Colour.swift */; };
		92B4A61F1DEA94D300F35DED /* Paint.swift in Sources */ = {isa = PBXBuildFile; fileRef = 92B4A61E1DEA94D300F35DED /* Paint.swift */; };
		92B4A6351DEBB8A100F35DED /* DataService.swift in Sources */ = {isa = PBXBuildFile; fileRef = 92B4A6341DEBB8A100F35DED /* DataService.swift */; };
		92B4A6371DEBB8B400F35DED /* AuthService.swift in Sources */ = {isa = PBXBuildFile; fileRef = 92B4A6361DEBB8B400F35DED /* AuthService.swift */; };
		92B4A6391DEBB8E500F35DED /* User.swift in Sources */ = {isa = PBXBuildFile; fileRef = 92B4A6381DEBB8E500F35DED /* User.swift */; };
		92C6A1AE1DF5CE6100B2D6C4 /* FBSDKLoginKit.framework in Frameworks */ = {isa = PBXBuildFile; fileRef = 92C6A1AD1DF5CE6100B2D6C4 /* FBSDKLoginKit.framework */; settings = {ATTRIBUTES = (Weak, ); }; };
		92CFEE2E1E00DF9A00F78C78 /* ChooseColourVC.swift in Sources */ = {isa = PBXBuildFile; fileRef = 92CFEE2D1E00DF9A00F78C78 /* ChooseColourVC.swift */; };
		92F9E4881DFB51A2006DCD19 /* PostScanVC.swift in Sources */ = {isa = PBXBuildFile; fileRef = 9277E0B41DF75022001E0B9B /* PostScanVC.swift */; };
		92FD3EAB1DE52A71009341C9 /* GoogleService-Info.plist in Resources */ = {isa = PBXBuildFile; fileRef = 92FD3EAA1DE52A71009341C9 /* GoogleService-Info.plist */; };
		92FD3EAF1DE52D26009341C9 /* BarcodeScanner.swift in Sources */ = {isa = PBXBuildFile; fileRef = 92FD3EAE1DE52D26009341C9 /* BarcodeScanner.swift */; };
		F800C68BEBC98076422569AE /* Pods_ColourBook.framework in Frameworks */ = {isa = PBXBuildFile; fileRef = 0C899EA646F9D6392D10F289 /* Pods_ColourBook.framework */; };
/* End PBXBuildFile section */

/* Begin PBXFileReference section */
		0C899EA646F9D6392D10F289 /* Pods_ColourBook.framework */ = {isa = PBXFileReference; explicitFileType = wrapper.framework; includeInIndex = 0; path = Pods_ColourBook.framework; sourceTree = BUILT_PRODUCTS_DIR; };
		582541D0C63B9F68DF683CF9 /* Pods-ColourBook.release.xcconfig */ = {isa = PBXFileReference; includeInIndex = 1; lastKnownFileType = text.xcconfig; name = "Pods-ColourBook.release.xcconfig"; path = "Pods/Target Support Files/Pods-ColourBook/Pods-ColourBook.release.xcconfig"; sourceTree = "<group>"; };
		661A47F51DF6A95700B56028 /* AddEditImageVC.swift */ = {isa = PBXFileReference; fileEncoding = 4; lastKnownFileType = sourcecode.swift; path = AddEditImageVC.swift; sourceTree = "<group>"; };
		661A47F71DF6A97700B56028 /* ItemListDetailVC.swift */ = {isa = PBXFileReference; fileEncoding = 4; lastKnownFileType = sourcecode.swift; path = ItemListDetailVC.swift; sourceTree = "<group>"; };
		661A47F91DF6A9B400B56028 /* AddEditAddressVC.swift */ = {isa = PBXFileReference; fileEncoding = 4; lastKnownFileType = sourcecode.swift; path = AddEditAddressVC.swift; sourceTree = "<group>"; };
		661A47FF1DF6AA3800B56028 /* SettingsVC.swift */ = {isa = PBXFileReference; fileEncoding = 4; lastKnownFileType = sourcecode.swift; path = SettingsVC.swift; sourceTree = "<group>"; };
		66242AD41DF0EDAE000B651F /* ItemListAddVC.swift */ = {isa = PBXFileReference; fileEncoding = 4; lastKnownFileType = sourcecode.swift; path = ItemListAddVC.swift; sourceTree = "<group>"; };
		66242AD61DF0F0F4000B651F /* MessageView.swift */ = {isa = PBXFileReference; fileEncoding = 4; lastKnownFileType = sourcecode.swift; path = MessageView.swift; sourceTree = "<group>"; };
		66242AD81DF0F302000B651F /* barcode.png */ = {isa = PBXFileReference; lastKnownFileType = image.png; path = barcode.png; sourceTree = "<group>"; };
		66242AD91DF0F302000B651F /* barcode@2x.png */ = {isa = PBXFileReference; lastKnownFileType = image.png; path = "barcode@2x.png"; sourceTree = "<group>"; };
		66242ADA1DF0F302000B651F /* barcode@3x.png */ = {isa = PBXFileReference; lastKnownFileType = image.png; path = "barcode@3x.png"; sourceTree = "<group>"; };
		66242ADE1DF1123E000B651F /* ItemCell.swift */ = {isa = PBXFileReference; fileEncoding = 4; lastKnownFileType = sourcecode.swift; path = ItemCell.swift; sourceTree = "<group>"; };
		66242AE11DF24ED8000B651F /* Validator.swift */ = {isa = PBXFileReference; fileEncoding = 4; lastKnownFileType = sourcecode.swift; path = Validator.swift; sourceTree = "<group>"; };
		66242AE31DF24FE4000B651F /* ErrorHandler.swift */ = {isa = PBXFileReference; fileEncoding = 4; lastKnownFileType = sourcecode.swift; path = ErrorHandler.swift; sourceTree = "<group>"; };
		66242AE51DF46DD0000B651F /* CustomTextFieldContainer.swift */ = {isa = PBXFileReference; fileEncoding = 4; lastKnownFileType = sourcecode.swift; path = CustomTextFieldContainer.swift; sourceTree = "<group>"; };
		66242AE71DF46F30000B651F /* LabelCustomSpacing.swift */ = {isa = PBXFileReference; fileEncoding = 4; lastKnownFileType = sourcecode.swift; path = LabelCustomSpacing.swift; sourceTree = "<group>"; };
		663646561DE0C3EA00E6D719 /* ColourBook.app */ = {isa = PBXFileReference; explicitFileType = wrapper.application; includeInIndex = 0; path = ColourBook.app; sourceTree = BUILT_PRODUCTS_DIR; };
		663646591DE0C3EA00E6D719 /* AppDelegate.swift */ = {isa = PBXFileReference; lastKnownFileType = sourcecode.swift; path = AppDelegate.swift; sourceTree = "<group>"; };
		6636465B1DE0C3EA00E6D719 /* TutorialVC.swift */ = {isa = PBXFileReference; lastKnownFileType = sourcecode.swift; path = TutorialVC.swift; sourceTree = "<group>"; };
		6636465E1DE0C3EA00E6D719 /* Base */ = {isa = PBXFileReference; lastKnownFileType = file.storyboard; name = Base; path = Base.lproj/Main.storyboard; sourceTree = "<group>"; };
		663646601DE0C3EA00E6D719 /* Assets.xcassets */ = {isa = PBXFileReference; lastKnownFileType = folder.assetcatalog; path = Assets.xcassets; sourceTree = "<group>"; };
		663646631DE0C3EA00E6D719 /* Base */ = {isa = PBXFileReference; lastKnownFileType = file.storyboard; name = Base; path = Base.lproj/LaunchScreen.storyboard; sourceTree = "<group>"; };
		663646651DE0C3EA00E6D719 /* Info.plist */ = {isa = PBXFileReference; lastKnownFileType = text.plist.xml; path = Info.plist; sourceTree = "<group>"; };
		6636466C1DE16A4300E6D719 /* effects.png */ = {isa = PBXFileReference; lastKnownFileType = image.png; path = effects.png; sourceTree = "<group>"; };
		6636466D1DE16A4300E6D719 /* effects@2x.png */ = {isa = PBXFileReference; lastKnownFileType = image.png; path = "effects@2x.png"; sourceTree = "<group>"; };
		6636466E1DE16A4300E6D719 /* effects@3x.png */ = {isa = PBXFileReference; lastKnownFileType = image.png; path = "effects@3x.png"; sourceTree = "<group>"; };
		663646721DE16C6800E6D719 /* UIExtensions.swift */ = {isa = PBXFileReference; fileEncoding = 4; lastKnownFileType = sourcecode.swift; path = UIExtensions.swift; sourceTree = "<group>"; };
		663646881DE3E93A00E6D719 /* LogInViewController.swift */ = {isa = PBXFileReference; fileEncoding = 4; lastKnownFileType = sourcecode.swift; path = LogInViewController.swift; sourceTree = "<group>"; };
		6636468A1DE4921F00E6D719 /* facebookImg.png */ = {isa = PBXFileReference; lastKnownFileType = image.png; path = facebookImg.png; sourceTree = "<group>"; };
		6636468B1DE4921F00E6D719 /* facebookImg@2x.png */ = {isa = PBXFileReference; lastKnownFileType = image.png; path = "facebookImg@2x.png"; sourceTree = "<group>"; };
		6636468C1DE4921F00E6D719 /* facebookImg@3x.png */ = {isa = PBXFileReference; lastKnownFileType = image.png; path = "facebookImg@3x.png"; sourceTree = "<group>"; };
		6636468D1DE4921F00E6D719 /* goldCBlogo.png */ = {isa = PBXFileReference; lastKnownFileType = image.png; path = goldCBlogo.png; sourceTree = "<group>"; };
		6636468E1DE4921F00E6D719 /* goldCBlogo@2x.png */ = {isa = PBXFileReference; lastKnownFileType = image.png; path = "goldCBlogo@2x.png"; sourceTree = "<group>"; };
		6636468F1DE4921F00E6D719 /* goldCBlogo@3x.png */ = {isa = PBXFileReference; lastKnownFileType = image.png; path = "goldCBlogo@3x.png"; sourceTree = "<group>"; };
		663646901DE4921F00E6D719 /* googleImg.png */ = {isa = PBXFileReference; lastKnownFileType = image.png; path = googleImg.png; sourceTree = "<group>"; };
		663646911DE4921F00E6D719 /* googleImg@2x.png */ = {isa = PBXFileReference; lastKnownFileType = image.png; path = "googleImg@2x.png"; sourceTree = "<group>"; };
		663646921DE4921F00E6D719 /* googleImg@3x.png */ = {isa = PBXFileReference; lastKnownFileType = image.png; path = "googleImg@3x.png"; sourceTree = "<group>"; };
		663646931DE4921F00E6D719 /* greenCBlogo.png */ = {isa = PBXFileReference; lastKnownFileType = image.png; path = greenCBlogo.png; sourceTree = "<group>"; };
		663646941DE4921F00E6D719 /* greenCBlogo@2x.png */ = {isa = PBXFileReference; lastKnownFileType = image.png; path = "greenCBlogo@2x.png"; sourceTree = "<group>"; };
		663646951DE4921F00E6D719 /* greenCBlogo@3x.png */ = {isa = PBXFileReference; lastKnownFileType = image.png; path = "greenCBlogo@3x.png"; sourceTree = "<group>"; };
		663646961DE4921F00E6D719 /* pinkCBLogo.png */ = {isa = PBXFileReference; lastKnownFileType = image.png; path = pinkCBLogo.png; sourceTree = "<group>"; };
		663646971DE4921F00E6D719 /* pinkCBLogo@2x.png */ = {isa = PBXFileReference; lastKnownFileType = image.png; path = "pinkCBLogo@2x.png"; sourceTree = "<group>"; };
		663646981DE4921F00E6D719 /* pinkCBLogo@3x.png */ = {isa = PBXFileReference; lastKnownFileType = image.png; path = "pinkCBLogo@3x.png"; sourceTree = "<group>"; };
		663646991DE4921F00E6D719 /* purpleCBlogo.png */ = {isa = PBXFileReference; lastKnownFileType = image.png; path = purpleCBlogo.png; sourceTree = "<group>"; };
		6636469A1DE4921F00E6D719 /* purpleCBlogo@2x.png */ = {isa = PBXFileReference; lastKnownFileType = image.png; path = "purpleCBlogo@2x.png"; sourceTree = "<group>"; };
		6636469B1DE4921F00E6D719 /* purpleCBlogo@3x.png */ = {isa = PBXFileReference; lastKnownFileType = image.png; path = "purpleCBlogo@3x.png"; sourceTree = "<group>"; };
		665E636D1DE6B55C002BA868 /* IconView.swift */ = {isa = PBXFileReference; fileEncoding = 4; lastKnownFileType = sourcecode.swift; path = IconView.swift; sourceTree = "<group>"; };
		665E636F1DE6B573002BA868 /* UIColours.swift */ = {isa = PBXFileReference; fileEncoding = 4; lastKnownFileType = sourcecode.swift; path = UIColours.swift; sourceTree = "<group>"; };
		665E63711DE82833002BA868 /* iconFacebook.png */ = {isa = PBXFileReference; lastKnownFileType = image.png; path = iconFacebook.png; sourceTree = "<group>"; };
		665E63721DE82833002BA868 /* iconFacebook@2x.png */ = {isa = PBXFileReference; lastKnownFileType = image.png; path = "iconFacebook@2x.png"; sourceTree = "<group>"; };
		665E63731DE82833002BA868 /* iconFacebook@3x.png */ = {isa = PBXFileReference; lastKnownFileType = image.png; path = "iconFacebook@3x.png"; sourceTree = "<group>"; };
		665E63771DE8293A002BA868 /* SignUpViewController.swift */ = {isa = PBXFileReference; fileEncoding = 4; lastKnownFileType = sourcecode.swift; path = SignUpViewController.swift; sourceTree = "<group>"; };
		665E63791DE82F99002BA868 /* arrowBack.png */ = {isa = PBXFileReference; lastKnownFileType = image.png; path = arrowBack.png; sourceTree = "<group>"; };
		665E637A1DE82F99002BA868 /* arrowBack@2x.png */ = {isa = PBXFileReference; lastKnownFileType = image.png; path = "arrowBack@2x.png"; sourceTree = "<group>"; };
		665E637B1DE82F99002BA868 /* arrowBack@3x.png */ = {isa = PBXFileReference; lastKnownFileType = image.png; path = "arrowBack@3x.png"; sourceTree = "<group>"; };
		66A5AD551DFD040C0090226B /* AnnotationPin.swift */ = {isa = PBXFileReference; fileEncoding = 4; lastKnownFileType = sourcecode.swift; path = AnnotationPin.swift; sourceTree = "<group>"; };
		66C7713F1DE8331700E4810A /* MyDashboardVC.swift */ = {isa = PBXFileReference; fileEncoding = 4; lastKnownFileType = sourcecode.swift; path = MyDashboardVC.swift; sourceTree = "<group>"; };
		66C771411DE83EB300E4810A /* homeIcon.png */ = {isa = PBXFileReference; lastKnownFileType = image.png; path = homeIcon.png; sourceTree = "<group>"; };
		66C771421DE83EB300E4810A /* homeIcon@2x.png */ = {isa = PBXFileReference; lastKnownFileType = image.png; path = "homeIcon@2x.png"; sourceTree = "<group>"; };
		66C771431DE83EB300E4810A /* homeIcon@3x.png */ = {isa = PBXFileReference; lastKnownFileType = image.png; path = "homeIcon@3x.png"; sourceTree = "<group>"; };
		66C771441DE83EB300E4810A /* moneyIcon.png */ = {isa = PBXFileReference; lastKnownFileType = image.png; path = moneyIcon.png; sourceTree = "<group>"; };
		66C771451DE83EB300E4810A /* moneyIcon@2x.png */ = {isa = PBXFileReference; lastKnownFileType = image.png; path = "moneyIcon@2x.png"; sourceTree = "<group>"; };
		66C771461DE83EB300E4810A /* moneyIcon@3x.png */ = {isa = PBXFileReference; lastKnownFileType = image.png; path = "moneyIcon@3x.png"; sourceTree = "<group>"; };
		66C771471DE83EB300E4810A /* personalIcon.png */ = {isa = PBXFileReference; lastKnownFileType = image.png; path = personalIcon.png; sourceTree = "<group>"; };
		66C771481DE83EB300E4810A /* personalIcon@2x.png */ = {isa = PBXFileReference; lastKnownFileType = image.png; path = "personalIcon@2x.png"; sourceTree = "<group>"; };
		66C771491DE83EB300E4810A /* personalIcon@3x.png */ = {isa = PBXFileReference; lastKnownFileType = image.png; path = "personalIcon@3x.png"; sourceTree = "<group>"; };
		66C771531DE83EEF00E4810A /* settingsIcon.png */ = {isa = PBXFileReference; lastKnownFileType = image.png; path = settingsIcon.png; sourceTree = "<group>"; };
		66C771541DE83EEF00E4810A /* settingsIcon@2x.png */ = {isa = PBXFileReference; lastKnownFileType = image.png; path = "settingsIcon@2x.png"; sourceTree = "<group>"; };
		66C771551DE83EEF00E4810A /* settingsIcon@3x.png */ = {isa = PBXFileReference; lastKnownFileType = image.png; path = "settingsIcon@3x.png"; sourceTree = "<group>"; };
		66CB81B51E0212D800190315 /* search.png */ = {isa = PBXFileReference; lastKnownFileType = image.png; path = search.png; sourceTree = "<group>"; };
		66CB81B61E0212D800190315 /* search@2x.png */ = {isa = PBXFileReference; lastKnownFileType = image.png; path = "search@2x.png"; sourceTree = "<group>"; };
		66CB81B71E0212D800190315 /* search@3x.png */ = {isa = PBXFileReference; lastKnownFileType = image.png; path = "search@3x.png"; sourceTree = "<group>"; };
		66CB81BB1E02175300190315 /* SearchViewController.swift */ = {isa = PBXFileReference; fileEncoding = 4; lastKnownFileType = sourcecode.swift; path = SearchViewController.swift; sourceTree = "<group>"; };
		66D783481DF49B4F00BACC2C /* check.png */ = {isa = PBXFileReference; lastKnownFileType = image.png; path = check.png; sourceTree = "<group>"; };
		66D7834A1DF4DD2100BACC2C /* CustomAnimatedButton.swift */ = {isa = PBXFileReference; fileEncoding = 4; lastKnownFileType = sourcecode.swift; path = CustomAnimatedButton.swift; sourceTree = "<group>"; };
		66D7834C1DF4E3CE00BACC2C /* iconCheck.png */ = {isa = PBXFileReference; lastKnownFileType = image.png; path = iconCheck.png; sourceTree = "<group>"; };
		66D7834D1DF4E3CE00BACC2C /* iconCheck@2x.png */ = {isa = PBXFileReference; lastKnownFileType = image.png; path = "iconCheck@2x.png"; sourceTree = "<group>"; };
		66D7834E1DF4E3CE00BACC2C /* iconCheck@3x.png */ = {isa = PBXFileReference; lastKnownFileType = image.png; path = "iconCheck@3x.png"; sourceTree = "<group>"; };
		66F942B51DF8BDBB00C01DAF /* darkgreen.jpg */ = {isa = PBXFileReference; lastKnownFileType = image.jpeg; path = darkgreen.jpg; sourceTree = "<group>"; };
		66F942B61DF8BDBB00C01DAF /* darkred.jpg */ = {isa = PBXFileReference; lastKnownFileType = image.jpeg; path = darkred.jpg; sourceTree = "<group>"; };
		66F942B71DF8BDBB00C01DAF /* green.jpg */ = {isa = PBXFileReference; lastKnownFileType = image.jpeg; path = green.jpg; sourceTree = "<group>"; };
		66F942B81DF8BDBB00C01DAF /* lightblue.jpg */ = {isa = PBXFileReference; lastKnownFileType = image.jpeg; path = lightblue.jpg; sourceTree = "<group>"; };
		66F942B91DF8BDBB00C01DAF /* lightred.jpg */ = {isa = PBXFileReference; lastKnownFileType = image.jpeg; path = lightred.jpg; sourceTree = "<group>"; };
		66F942BA1DF8BDBB00C01DAF /* orange.jpg */ = {isa = PBXFileReference; lastKnownFileType = image.jpeg; path = orange.jpg; sourceTree = "<group>"; };
		66F942BB1DF8BDBB00C01DAF /* purple.jpg */ = {isa = PBXFileReference; lastKnownFileType = image.jpeg; path = purple.jpg; sourceTree = "<group>"; };
		66F942C31DF9241E00C01DAF /* ItemListEditVC.swift */ = {isa = PBXFileReference; fileEncoding = 4; lastKnownFileType = sourcecode.swift; path = ItemListEditVC.swift; sourceTree = "<group>"; };
		66F942C51DF92CA500C01DAF /* CustomVC.swift */ = {isa = PBXFileReference; fileEncoding = 4; lastKnownFileType = sourcecode.swift; path = CustomVC.swift; sourceTree = "<group>"; };
		9207D1041DF6184E00E90004 /* Facebook-Bridging-Header.h */ = {isa = PBXFileReference; lastKnownFileType = sourcecode.c.h; path = "Facebook-Bridging-Header.h"; sourceTree = "<group>"; };
		920B52711E0E0325005D5B60 /* SearchBaseTableVC.swift */ = {isa = PBXFileReference; fileEncoding = 4; lastKnownFileType = sourcecode.swift; path = SearchBaseTableVC.swift; sourceTree = "<group>"; };
		920B52741E0F2478005D5B60 /* ScannedProduct.swift */ = {isa = PBXFileReference; fileEncoding = 4; lastKnownFileType = sourcecode.swift; path = ScannedProduct.swift; sourceTree = "<group>"; };
		920B52761E1066AB005D5B60 /* SaveButtons.swift */ = {isa = PBXFileReference; fileEncoding = 4; lastKnownFileType = sourcecode.swift; path = SaveButtons.swift; sourceTree = "<group>"; };
		920B52781E108DCD005D5B60 /* DataService-Retrieve.swift */ = {isa = PBXFileReference; fileEncoding = 4; lastKnownFileType = sourcecode.swift; path = "DataService-Retrieve.swift"; sourceTree = "<group>"; };
		920B527A1E109421005D5B60 /* Location.swift */ = {isa = PBXFileReference; fileEncoding = 4; lastKnownFileType = sourcecode.swift; path = Location.swift; sourceTree = "<group>"; };
		92367A1F1E16CD4A005B11F9 /* DataService-Delete.swift */ = {isa = PBXFileReference; fileEncoding = 4; lastKnownFileType = sourcecode.swift; path = "DataService-Delete.swift"; sourceTree = "<group>"; };
		924C00981E07AC1000C73C6A /* ColourResultsVC.swift */ = {isa = PBXFileReference; fileEncoding = 4; lastKnownFileType = sourcecode.swift; path = ColourResultsVC.swift; sourceTree = "<group>"; };
		9262ECD81E00FA8A005FD5AC /* FinalizedPaint.csv */ = {isa = PBXFileReference; fileEncoding = 4; lastKnownFileType = text; path = FinalizedPaint.csv; sourceTree = "<group>"; };
		9262ECD91E00FA8A005FD5AC /* productlist.csv */ = {isa = PBXFileReference; fileEncoding = 4; lastKnownFileType = text; path = productlist.csv; sourceTree = "<group>"; };
		9277E0B01DF64F0A001E0B9B /* FBSDKCoreKit.framework */ = {isa = PBXFileReference; lastKnownFileType = wrapper.framework; path = FBSDKCoreKit.framework; sourceTree = "<group>"; };
		9277E0B21DF64F63001E0B9B /* Bolts.framework */ = {isa = PBXFileReference; lastKnownFileType = wrapper.framework; path = Bolts.framework; sourceTree = "<group>"; };
		9277E0B41DF75022001E0B9B /* PostScanVC.swift */ = {isa = PBXFileReference; fileEncoding = 4; lastKnownFileType = sourcecode.swift; path = PostScanVC.swift; sourceTree = "<group>"; };
		9277E0BD1DFA7D94001E0B9B /* SearchAddressVC.swift */ = {isa = PBXFileReference; fileEncoding = 4; lastKnownFileType = sourcecode.swift; path = SearchAddressVC.swift; sourceTree = "<group>"; };
		9277E0BF1DFA8323001E0B9B /* AddressVC.swift */ = {isa = PBXFileReference; fileEncoding = 4; lastKnownFileType = sourcecode.swift; path = AddressVC.swift; sourceTree = "<group>"; };
		92874DE01E0BB1E400A3D6BC /* UIColourExtension.swift */ = {isa = PBXFileReference; fileEncoding = 4; lastKnownFileType = sourcecode.swift; path = UIColourExtension.swift; sourceTree = "<group>"; };
		929AD0021E03C56E00AB9C63 /* SelectAddressVC.swift */ = {isa = PBXFileReference; fileEncoding = 4; lastKnownFileType = sourcecode.swift; path = SelectAddressVC.swift; sourceTree = "<group>"; };
		92A7A7EC1E1EECA800070FE0 /* DataService-Query.swift */ = {isa = PBXFileReference; fileEncoding = 4; lastKnownFileType = sourcecode.swift; path = "DataService-Query.swift"; sourceTree = "<group>"; };
		92A7D3EE1E15823800345D94 /* DataService-Save.swift */ = {isa = PBXFileReference; fileEncoding = 4; lastKnownFileType = sourcecode.swift; path = "DataService-Save.swift"; sourceTree = "<group>"; };
		92B4A61A1DE8FD9300F35DED /* CSVViewController.swift */ = {isa = PBXFileReference; fileEncoding = 4; lastKnownFileType = sourcecode.swift; path = CSVViewController.swift; sourceTree = "<group>"; };
		92B4A61C1DEA5B1C00F35DED /* Colour.swift */ = {isa = PBXFileReference; fileEncoding = 4; lastKnownFileType = sourcecode.swift; path = Colour.swift; sourceTree = "<group>"; };
		92B4A61E1DEA94D300F35DED /* Paint.swift */ = {isa = PBXFileReference; fileEncoding = 4; lastKnownFileType = sourcecode.swift; path = Paint.swift; sourceTree = "<group>"; };
		92B4A6341DEBB8A100F35DED /* DataService.swift */ = {isa = PBXFileReference; fileEncoding = 4; lastKnownFileType = sourcecode.swift; path = DataService.swift; sourceTree = "<group>"; };
		92B4A6361DEBB8B400F35DED /* AuthService.swift */ = {isa = PBXFileReference; fileEncoding = 4; lastKnownFileType = sourcecode.swift; path = AuthService.swift; sourceTree = "<group>"; };
		92B4A6381DEBB8E500F35DED /* User.swift */ = {isa = PBXFileReference; fileEncoding = 4; lastKnownFileType = sourcecode.swift; path = User.swift; sourceTree = "<group>"; };
		92C6A1AD1DF5CE6100B2D6C4 /* FBSDKLoginKit.framework */ = {isa = PBXFileReference; lastKnownFileType = wrapper.framework; path = FBSDKLoginKit.framework; sourceTree = "<group>"; };
		92CFEE2D1E00DF9A00F78C78 /* ChooseColourVC.swift */ = {isa = PBXFileReference; fileEncoding = 4; lastKnownFileType = sourcecode.swift; path = ChooseColourVC.swift; sourceTree = "<group>"; };
		92FD3EAA1DE52A71009341C9 /* GoogleService-Info.plist */ = {isa = PBXFileReference; fileEncoding = 4; lastKnownFileType = text.plist.xml; path = "GoogleService-Info.plist"; sourceTree = "<group>"; };
		92FD3EAE1DE52D26009341C9 /* BarcodeScanner.swift */ = {isa = PBXFileReference; fileEncoding = 4; lastKnownFileType = sourcecode.swift; path = BarcodeScanner.swift; sourceTree = "<group>"; };
		D218658870BE7C0C8667A861 /* Pods-ColourBook.debug.xcconfig */ = {isa = PBXFileReference; includeInIndex = 1; lastKnownFileType = text.xcconfig; name = "Pods-ColourBook.debug.xcconfig"; path = "Pods/Target Support Files/Pods-ColourBook/Pods-ColourBook.debug.xcconfig"; sourceTree = "<group>"; };
/* End PBXFileReference section */

/* Begin PBXFrameworksBuildPhase section */
		663646531DE0C3EA00E6D719 /* Frameworks */ = {
			isa = PBXFrameworksBuildPhase;
			buildActionMask = 2147483647;
			files = (
				92C6A1AE1DF5CE6100B2D6C4 /* FBSDKLoginKit.framework in Frameworks */,
				9277E0B11DF64F0A001E0B9B /* FBSDKCoreKit.framework in Frameworks */,
				F800C68BEBC98076422569AE /* Pods_ColourBook.framework in Frameworks */,
				9277E0B31DF64F63001E0B9B /* Bolts.framework in Frameworks */,
			);
			runOnlyForDeploymentPostprocessing = 0;
		};
/* End PBXFrameworksBuildPhase section */

/* Begin PBXGroup section */
		66242AD01DEF751A000B651F /* Model */ = {
			isa = PBXGroup;
			children = (
				920B527A1E109421005D5B60 /* Location.swift */,
				920B52741E0F2478005D5B60 /* ScannedProduct.swift */,
				92B4A6341DEBB8A100F35DED /* DataService.swift */,
				920B52781E108DCD005D5B60 /* DataService-Retrieve.swift */,
				92A7D3EE1E15823800345D94 /* DataService-Save.swift */,
				92367A1F1E16CD4A005B11F9 /* DataService-Delete.swift */,
				92A7A7EC1E1EECA800070FE0 /* DataService-Query.swift */,
				92B4A6361DEBB8B400F35DED /* AuthService.swift */,
				92B4A6381DEBB8E500F35DED /* User.swift */,
				92B4A61C1DEA5B1C00F35DED /* Colour.swift */,
				92B4A61E1DEA94D300F35DED /* Paint.swift */,
			);
			name = Model;
			sourceTree = "<group>";
		};
		66242AD11DEF7520000B651F /* View */ = {
			isa = PBXGroup;
			children = (
				665E636D1DE6B55C002BA868 /* IconView.swift */,
				665E636F1DE6B573002BA868 /* UIColours.swift */,
				663646721DE16C6800E6D719 /* UIExtensions.swift */,
				663646621DE0C3EA00E6D719 /* LaunchScreen.storyboard */,
				6636465D1DE0C3EA00E6D719 /* Main.storyboard */,
				66242AD61DF0F0F4000B651F /* MessageView.swift */,
				66242ADE1DF1123E000B651F /* ItemCell.swift */,
				66242AE51DF46DD0000B651F /* CustomTextFieldContainer.swift */,
				66242AE71DF46F30000B651F /* LabelCustomSpacing.swift */,
				66D7834A1DF4DD2100BACC2C /* CustomAnimatedButton.swift */,
			);
			name = View;
			sourceTree = "<group>";
		};
		66242AD21DEF7524000B651F /* Controller */ = {
			isa = PBXGroup;
			children = (
				6636465B1DE0C3EA00E6D719 /* TutorialVC.swift */,
				92FD3EAE1DE52D26009341C9 /* BarcodeScanner.swift */,
				9277E0B41DF75022001E0B9B /* PostScanVC.swift */,
				920B52761E1066AB005D5B60 /* SaveButtons.swift */,
				920B52731E0E03A8005D5B60 /* SearchControllers */,
				663646881DE3E93A00E6D719 /* LogInViewController.swift */,
				665E63771DE8293A002BA868 /* SignUpViewController.swift */,
				92B4A61A1DE8FD9300F35DED /* CSVViewController.swift */,
				66C7713F1DE8331700E4810A /* MyDashboardVC.swift */,
				66242AD41DF0EDAE000B651F /* ItemListAddVC.swift */,
				661A47F91DF6A9B400B56028 /* AddEditAddressVC.swift */,
				66F942C31DF9241E00C01DAF /* ItemListEditVC.swift */,
				661A47F51DF6A95700B56028 /* AddEditImageVC.swift */,
				661A47F71DF6A97700B56028 /* ItemListDetailVC.swift */,
				661A47FF1DF6AA3800B56028 /* SettingsVC.swift */,
				66F942C51DF92CA500C01DAF /* CustomVC.swift */,
				66CB81BB1E02175300190315 /* SearchViewController.swift */,
			);
			name = Controller;
			sourceTree = "<group>";
		};
		66242AD31DEF78AF000B651F /* Other */ = {
			isa = PBXGroup;
			children = (
				663646591DE0C3EA00E6D719 /* AppDelegate.swift */,
				9207D1041DF6184E00E90004 /* Facebook-Bridging-Header.h */,
				9262ECD81E00FA8A005FD5AC /* FinalizedPaint.csv */,
				9262ECD91E00FA8A005FD5AC /* productlist.csv */,
			);
			name = Other;
			sourceTree = "<group>";
		};
		66242AE01DF24EBB000B651F /* Common */ = {
			isa = PBXGroup;
			children = (
				66242AE11DF24ED8000B651F /* Validator.swift */,
				66242AE31DF24FE4000B651F /* ErrorHandler.swift */,
				66A5AD551DFD040C0090226B /* AnnotationPin.swift */,
				92874DE01E0BB1E400A3D6BC /* UIColourExtension.swift */,
			);
			name = Common;
			sourceTree = "<group>";
		};
		6636464D1DE0C3EA00E6D719 = {
			isa = PBXGroup;
			children = (
				6636466B1DE16A4300E6D719 /* images */,
				663646581DE0C3EA00E6D719 /* ColourBook */,
				663646571DE0C3EA00E6D719 /* Products */,
				F29FF469050AE8777EE69F42 /* Pods */,
				6A7BBA4F7F409D1AFC39E3AC /* Frameworks */,
			);
			sourceTree = "<group>";
		};
		663646571DE0C3EA00E6D719 /* Products */ = {
			isa = PBXGroup;
			children = (
				663646561DE0C3EA00E6D719 /* ColourBook.app */,
			);
			name = Products;
			sourceTree = "<group>";
		};
		663646581DE0C3EA00E6D719 /* ColourBook */ = {
			isa = PBXGroup;
			children = (
				663646601DE0C3EA00E6D719 /* Assets.xcassets */,
				92FD3EAA1DE52A71009341C9 /* GoogleService-Info.plist */,
				663646651DE0C3EA00E6D719 /* Info.plist */,
				66242AE01DF24EBB000B651F /* Common */,
				66242AD31DEF78AF000B651F /* Other */,
				66242AD21DEF7524000B651F /* Controller */,
				66242AD11DEF7520000B651F /* View */,
				66242AD01DEF751A000B651F /* Model */,
			);
			path = ColourBook;
			sourceTree = "<group>";
		};
		6636466B1DE16A4300E6D719 /* images */ = {
			isa = PBXGroup;
			children = (
				66CB81B51E0212D800190315 /* search.png */,
				66CB81B61E0212D800190315 /* search@2x.png */,
				66CB81B71E0212D800190315 /* search@3x.png */,
				66F942B41DF8BDBB00C01DAF /* logos */,
				66D7834C1DF4E3CE00BACC2C /* iconCheck.png */,
				66D7834D1DF4E3CE00BACC2C /* iconCheck@2x.png */,
				66D7834E1DF4E3CE00BACC2C /* iconCheck@3x.png */,
				66D783481DF49B4F00BACC2C /* check.png */,
				66242AD81DF0F302000B651F /* barcode.png */,
				66242AD91DF0F302000B651F /* barcode@2x.png */,
				66242ADA1DF0F302000B651F /* barcode@3x.png */,
				66C771531DE83EEF00E4810A /* settingsIcon.png */,
				66C771541DE83EEF00E4810A /* settingsIcon@2x.png */,
				66C771551DE83EEF00E4810A /* settingsIcon@3x.png */,
				66C771411DE83EB300E4810A /* homeIcon.png */,
				66C771421DE83EB300E4810A /* homeIcon@2x.png */,
				66C771431DE83EB300E4810A /* homeIcon@3x.png */,
				66C771441DE83EB300E4810A /* moneyIcon.png */,
				66C771451DE83EB300E4810A /* moneyIcon@2x.png */,
				66C771461DE83EB300E4810A /* moneyIcon@3x.png */,
				66C771471DE83EB300E4810A /* personalIcon.png */,
				66C771481DE83EB300E4810A /* personalIcon@2x.png */,
				66C771491DE83EB300E4810A /* personalIcon@3x.png */,
				665E63791DE82F99002BA868 /* arrowBack.png */,
				665E637A1DE82F99002BA868 /* arrowBack@2x.png */,
				665E637B1DE82F99002BA868 /* arrowBack@3x.png */,
				665E63711DE82833002BA868 /* iconFacebook.png */,
				665E63721DE82833002BA868 /* iconFacebook@2x.png */,
				665E63731DE82833002BA868 /* iconFacebook@3x.png */,
				6636468A1DE4921F00E6D719 /* facebookImg.png */,
				6636468B1DE4921F00E6D719 /* facebookImg@2x.png */,
				6636468C1DE4921F00E6D719 /* facebookImg@3x.png */,
				6636468D1DE4921F00E6D719 /* goldCBlogo.png */,
				6636468E1DE4921F00E6D719 /* goldCBlogo@2x.png */,
				6636468F1DE4921F00E6D719 /* goldCBlogo@3x.png */,
				663646901DE4921F00E6D719 /* googleImg.png */,
				663646911DE4921F00E6D719 /* googleImg@2x.png */,
				663646921DE4921F00E6D719 /* googleImg@3x.png */,
				663646931DE4921F00E6D719 /* greenCBlogo.png */,
				663646941DE4921F00E6D719 /* greenCBlogo@2x.png */,
				663646951DE4921F00E6D719 /* greenCBlogo@3x.png */,
				663646961DE4921F00E6D719 /* pinkCBLogo.png */,
				663646971DE4921F00E6D719 /* pinkCBLogo@2x.png */,
				663646981DE4921F00E6D719 /* pinkCBLogo@3x.png */,
				663646991DE4921F00E6D719 /* purpleCBlogo.png */,
				6636469A1DE4921F00E6D719 /* purpleCBlogo@2x.png */,
				6636469B1DE4921F00E6D719 /* purpleCBlogo@3x.png */,
				6636466C1DE16A4300E6D719 /* effects.png */,
				6636466D1DE16A4300E6D719 /* effects@2x.png */,
				6636466E1DE16A4300E6D719 /* effects@3x.png */,
			);
			path = images;
			sourceTree = "<group>";
		};
		66F942B41DF8BDBB00C01DAF /* logos */ = {
			isa = PBXGroup;
			children = (
				66F942B51DF8BDBB00C01DAF /* darkgreen.jpg */,
				66F942B61DF8BDBB00C01DAF /* darkred.jpg */,
				66F942B71DF8BDBB00C01DAF /* green.jpg */,
				66F942B81DF8BDBB00C01DAF /* lightblue.jpg */,
				66F942B91DF8BDBB00C01DAF /* lightred.jpg */,
				66F942BA1DF8BDBB00C01DAF /* orange.jpg */,
				66F942BB1DF8BDBB00C01DAF /* purple.jpg */,
			);
			path = logos;
			sourceTree = "<group>";
		};
		6A7BBA4F7F409D1AFC39E3AC /* Frameworks */ = {
			isa = PBXGroup;
			children = (
				9277E0B21DF64F63001E0B9B /* Bolts.framework */,
				9277E0B01DF64F0A001E0B9B /* FBSDKCoreKit.framework */,
				92C6A1AD1DF5CE6100B2D6C4 /* FBSDKLoginKit.framework */,
				0C899EA646F9D6392D10F289 /* Pods_ColourBook.framework */,
			);
			name = Frameworks;
			sourceTree = "<group>";
		};
		920B52731E0E03A8005D5B60 /* SearchControllers */ = {
			isa = PBXGroup;
			children = (
				920B52711E0E0325005D5B60 /* SearchBaseTableVC.swift */,
				92CFEE2D1E00DF9A00F78C78 /* ChooseColourVC.swift */,
				924C00981E07AC1000C73C6A /* ColourResultsVC.swift */,
				929AD0021E03C56E00AB9C63 /* SelectAddressVC.swift */,
				9277E0BD1DFA7D94001E0B9B /* SearchAddressVC.swift */,
				9277E0BF1DFA8323001E0B9B /* AddressVC.swift */,
			);
			name = SearchControllers;
			sourceTree = "<group>";
		};
		F29FF469050AE8777EE69F42 /* Pods */ = {
			isa = PBXGroup;
			children = (
				D218658870BE7C0C8667A861 /* Pods-ColourBook.debug.xcconfig */,
				582541D0C63B9F68DF683CF9 /* Pods-ColourBook.release.xcconfig */,
			);
			name = Pods;
			sourceTree = "<group>";
		};
/* End PBXGroup section */

/* Begin PBXNativeTarget section */
		663646551DE0C3EA00E6D719 /* ColourBook */ = {
			isa = PBXNativeTarget;
			buildConfigurationList = 663646681DE0C3EA00E6D719 /* Build configuration list for PBXNativeTarget "ColourBook" */;
			buildPhases = (
				677BAD4648C22CDE0B6558E6 /* [CP] Check Pods Manifest.lock */,
				663646521DE0C3EA00E6D719 /* Sources */,
				663646531DE0C3EA00E6D719 /* Frameworks */,
				663646541DE0C3EA00E6D719 /* Resources */,
				1A2366A976A357EEDA692004 /* [CP] Embed Pods Frameworks */,
				8246B89A5B4E25C52369D218 /* [CP] Copy Pods Resources */,
			);
			buildRules = (
			);
			dependencies = (
			);
			name = ColourBook;
			productName = ColourBook;
			productReference = 663646561DE0C3EA00E6D719 /* ColourBook.app */;
			productType = "com.apple.product-type.application";
		};
/* End PBXNativeTarget section */

/* Begin PBXProject section */
		6636464E1DE0C3EA00E6D719 /* Project object */ = {
			isa = PBXProject;
			attributes = {
				LastSwiftUpdateCheck = 0810;
				LastUpgradeCheck = 0810;
				ORGANIZATIONNAME = Apptist;
				TargetAttributes = {
					663646551DE0C3EA00E6D719 = {
						CreatedOnToolsVersion = 8.1;
						DevelopmentTeam = VDQS4882Z8;
						ProvisioningStyle = Automatic;
					};
				};
			};
			buildConfigurationList = 663646511DE0C3EA00E6D719 /* Build configuration list for PBXProject "ColourBook" */;
			compatibilityVersion = "Xcode 3.2";
			developmentRegion = English;
			hasScannedForEncodings = 0;
			knownRegions = (
				en,
				Base,
			);
			mainGroup = 6636464D1DE0C3EA00E6D719;
			productRefGroup = 663646571DE0C3EA00E6D719 /* Products */;
			projectDirPath = "";
			projectRoot = "";
			targets = (
				663646551DE0C3EA00E6D719 /* ColourBook */,
			);
		};
/* End PBXProject section */

/* Begin PBXResourcesBuildPhase section */
		663646541DE0C3EA00E6D719 /* Resources */ = {
			isa = PBXResourcesBuildPhase;
			buildActionMask = 2147483647;
			files = (
				665E63761DE82833002BA868 /* iconFacebook@3x.png in Resources */,
				66D783511DF4E3CE00BACC2C /* iconCheck@3x.png in Resources */,
				66C7714B1DE83EB300E4810A /* homeIcon@2x.png in Resources */,
				663646711DE16A4300E6D719 /* effects@3x.png in Resources */,
				66F942C01DF8BDBB00C01DAF /* lightred.jpg in Resources */,
				663646A81DE4921F00E6D719 /* pinkCBLogo.png in Resources */,
				6636469F1DE4921F00E6D719 /* goldCBlogo.png in Resources */,
				663646641DE0C3EA00E6D719 /* LaunchScreen.storyboard in Resources */,
				66C771571DE83EEF00E4810A /* settingsIcon@2x.png in Resources */,
				665E63751DE82833002BA868 /* iconFacebook@2x.png in Resources */,
				66C7714C1DE83EB300E4810A /* homeIcon@3x.png in Resources */,
				665E637C1DE82F99002BA868 /* arrowBack.png in Resources */,
				663646701DE16A4300E6D719 /* effects@2x.png in Resources */,
				66F942BE1DF8BDBB00C01DAF /* green.jpg in Resources */,
				66CB81B91E0212D800190315 /* search@2x.png in Resources */,
				66C7714E1DE83EB300E4810A /* moneyIcon@2x.png in Resources */,
				665E637E1DE82F99002BA868 /* arrowBack@3x.png in Resources */,
				663646611DE0C3EA00E6D719 /* Assets.xcassets in Resources */,
				66C7714F1DE83EB300E4810A /* moneyIcon@3x.png in Resources */,
				663646AC1DE4921F00E6D719 /* purpleCBlogo@2x.png in Resources */,
				663646AD1DE4921F00E6D719 /* purpleCBlogo@3x.png in Resources */,
				6636469E1DE4921F00E6D719 /* facebookImg@3x.png in Resources */,
				66D783501DF4E3CE00BACC2C /* iconCheck@2x.png in Resources */,
				9262ECDA1E00FA8A005FD5AC /* FinalizedPaint.csv in Resources */,
				663646AB1DE4921F00E6D719 /* purpleCBlogo.png in Resources */,
				92FD3EAB1DE52A71009341C9 /* GoogleService-Info.plist in Resources */,
				66242ADB1DF0F302000B651F /* barcode.png in Resources */,
				66F942BC1DF8BDBB00C01DAF /* darkgreen.jpg in Resources */,
				66CB81BA1E0212D800190315 /* search@3x.png in Resources */,
				6636469C1DE4921F00E6D719 /* facebookImg.png in Resources */,
				663646A31DE4921F00E6D719 /* googleImg@2x.png in Resources */,
				663646A41DE4921F00E6D719 /* googleImg@3x.png in Resources */,
				66F942C11DF8BDBB00C01DAF /* orange.jpg in Resources */,
				663646A91DE4921F00E6D719 /* pinkCBLogo@2x.png in Resources */,
				66C771501DE83EB300E4810A /* personalIcon.png in Resources */,
				663646A51DE4921F00E6D719 /* greenCBlogo.png in Resources */,
				663646A11DE4921F00E6D719 /* goldCBlogo@3x.png in Resources */,
				663646A21DE4921F00E6D719 /* googleImg.png in Resources */,
				66C771561DE83EEF00E4810A /* settingsIcon.png in Resources */,
				66242ADC1DF0F302000B651F /* barcode@2x.png in Resources */,
				66C7714A1DE83EB300E4810A /* homeIcon.png in Resources */,
				665E637D1DE82F99002BA868 /* arrowBack@2x.png in Resources */,
				665E63741DE82833002BA868 /* iconFacebook.png in Resources */,
				6636466F1DE16A4300E6D719 /* effects.png in Resources */,
				663646A01DE4921F00E6D719 /* goldCBlogo@2x.png in Resources */,
				66D7834F1DF4E3CE00BACC2C /* iconCheck.png in Resources */,
				663646AA1DE4921F00E6D719 /* pinkCBLogo@3x.png in Resources */,
				66C771521DE83EB300E4810A /* personalIcon@3x.png in Resources */,
				66C771581DE83EEF00E4810A /* settingsIcon@3x.png in Resources */,
				66C771511DE83EB300E4810A /* personalIcon@2x.png in Resources */,
				6636469D1DE4921F00E6D719 /* facebookImg@2x.png in Resources */,
				663646A71DE4921F00E6D719 /* greenCBlogo@3x.png in Resources */,
				66D783491DF49B4F00BACC2C /* check.png in Resources */,
				66242ADD1DF0F302000B651F /* barcode@3x.png in Resources */,
				6636465F1DE0C3EA00E6D719 /* Main.storyboard in Resources */,
				9262ECDB1E00FA8A005FD5AC /* productlist.csv in Resources */,
				66F942C21DF8BDBB00C01DAF /* purple.jpg in Resources */,
				66CB81B81E0212D800190315 /* search.png in Resources */,
				66F942BF1DF8BDBB00C01DAF /* lightblue.jpg in Resources */,
				66F942BD1DF8BDBB00C01DAF /* darkred.jpg in Resources */,
				663646A61DE4921F00E6D719 /* greenCBlogo@2x.png in Resources */,
				66C7714D1DE83EB300E4810A /* moneyIcon.png in Resources */,
			);
			runOnlyForDeploymentPostprocessing = 0;
		};
/* End PBXResourcesBuildPhase section */

/* Begin PBXShellScriptBuildPhase section */
		1A2366A976A357EEDA692004 /* [CP] Embed Pods Frameworks */ = {
			isa = PBXShellScriptBuildPhase;
			buildActionMask = 2147483647;
			files = (
			);
			inputPaths = (
			);
			name = "[CP] Embed Pods Frameworks";
			outputPaths = (
			);
			runOnlyForDeploymentPostprocessing = 0;
			shellPath = /bin/sh;
			shellScript = "\"${SRCROOT}/Pods/Target Support Files/Pods-ColourBook/Pods-ColourBook-frameworks.sh\"\n";
			showEnvVarsInLog = 0;
		};
		677BAD4648C22CDE0B6558E6 /* [CP] Check Pods Manifest.lock */ = {
			isa = PBXShellScriptBuildPhase;
			buildActionMask = 2147483647;
			files = (
			);
			inputPaths = (
			);
			name = "[CP] Check Pods Manifest.lock";
			outputPaths = (
			);
			runOnlyForDeploymentPostprocessing = 0;
			shellPath = /bin/sh;
			shellScript = "diff \"${PODS_ROOT}/../Podfile.lock\" \"${PODS_ROOT}/Manifest.lock\" > /dev/null\nif [[ $? != 0 ]] ; then\n    cat << EOM\nerror: The sandbox is not in sync with the Podfile.lock. Run 'pod install' or update your CocoaPods installation.\nEOM\n    exit 1\nfi\n";
			showEnvVarsInLog = 0;
		};
		8246B89A5B4E25C52369D218 /* [CP] Copy Pods Resources */ = {
			isa = PBXShellScriptBuildPhase;
			buildActionMask = 2147483647;
			files = (
			);
			inputPaths = (
			);
			name = "[CP] Copy Pods Resources";
			outputPaths = (
			);
			runOnlyForDeploymentPostprocessing = 0;
			shellPath = /bin/sh;
			shellScript = "\"${SRCROOT}/Pods/Target Support Files/Pods-ColourBook/Pods-ColourBook-resources.sh\"\n";
			showEnvVarsInLog = 0;
		};
/* End PBXShellScriptBuildPhase section */

/* Begin PBXSourcesBuildPhase section */
		663646521DE0C3EA00E6D719 /* Sources */ = {
			isa = PBXSourcesBuildPhase;
			buildActionMask = 2147483647;
			files = (
				66A5AD561DFD040C0090226B /* AnnotationPin.swift in Sources */,
				92F9E4881DFB51A2006DCD19 /* PostScanVC.swift in Sources */,
				920B52721E0E0325005D5B60 /* SearchBaseTableVC.swift in Sources */,
				665E636E1DE6B55C002BA868 /* IconView.swift in Sources */,
				920B52791E108DCD005D5B60 /* DataService-Retrieve.swift in Sources */,
				92B4A6351DEBB8A100F35DED /* DataService.swift in Sources */,
				661A47F61DF6A95700B56028 /* AddEditImageVC.swift in Sources */,
				66F942C61DF92CA500C01DAF /* CustomVC.swift in Sources */,
				920B527B1E109421005D5B60 /* Location.swift in Sources */,
				66D7834B1DF4DD2100BACC2C /* CustomAnimatedButton.swift in Sources */,
				66242ADF1DF1123E000B651F /* ItemCell.swift in Sources */,
				66242AE61DF46DD1000B651F /* CustomTextFieldContainer.swift in Sources */,
				665E63701DE6B573002BA868 /* UIColours.swift in Sources */,
				66F942C41DF9241E00C01DAF /* ItemListEditVC.swift in Sources */,
				665E63781DE8293A002BA868 /* SignUpViewController.swift in Sources */,
				663646891DE3E93A00E6D719 /* LogInViewController.swift in Sources */,
				66242AD71DF0F0F4000B651F /* MessageView.swift in Sources */,
				663646731DE16C6800E6D719 /* UIExtensions.swift in Sources */,
				92FD3EAF1DE52D26009341C9 /* BarcodeScanner.swift in Sources */,
				92874DE11E0BB1E400A3D6BC /* UIColourExtension.swift in Sources */,
				66C771401DE8331700E4810A /* MyDashboardVC.swift in Sources */,
				929AD0031E03C56E00AB9C63 /* SelectAddressVC.swift in Sources */,
				920B52771E1066AB005D5B60 /* SaveButtons.swift in Sources */,
				92B4A6391DEBB8E500F35DED /* User.swift in Sources */,
				92B4A61F1DEA94D300F35DED /* Paint.swift in Sources */,
				66242AE21DF24ED8000B651F /* Validator.swift in Sources */,
				9277E0BE1DFA7D94001E0B9B /* SearchAddressVC.swift in Sources */,
				92B4A61D1DEA5B1C00F35DED /* Colour.swift in Sources */,
				66242AE81DF46F30000B651F /* LabelCustomSpacing.swift in Sources */,
				9277E0C01DFA8323001E0B9B /* AddressVC.swift in Sources */,
				66CB81BC1E02175300190315 /* SearchViewController.swift in Sources */,
				6636465C1DE0C3EA00E6D719 /* TutorialVC.swift in Sources */,
				6636465A1DE0C3EA00E6D719 /* AppDelegate.swift in Sources */,
				92A7D3EF1E15823800345D94 /* DataService-Save.swift in Sources */,
				92A7A7ED1E1EECA800070FE0 /* DataService-Query.swift in Sources */,
				92B4A61B1DE8FD9300F35DED /* CSVViewController.swift in Sources */,
				924C00991E07AC1000C73C6A /* ColourResultsVC.swift in Sources */,
				661A47F81DF6A97700B56028 /* ItemListDetailVC.swift in Sources */,
				66242AE41DF24FE4000B651F /* ErrorHandler.swift in Sources */,
				920B52751E0F2478005D5B60 /* ScannedProduct.swift in Sources */,
				92CFEE2E1E00DF9A00F78C78 /* ChooseColourVC.swift in Sources */,
				661A47FA1DF6A9B400B56028 /* AddEditAddressVC.swift in Sources */,
				661A48001DF6AA3800B56028 /* SettingsVC.swift in Sources */,
				92B4A6371DEBB8B400F35DED /* AuthService.swift in Sources */,
				92367A201E16CD4A005B11F9 /* DataService-Delete.swift in Sources */,
				66242AD51DF0EDAE000B651F /* ItemListAddVC.swift in Sources */,
			);
			runOnlyForDeploymentPostprocessing = 0;
		};
/* End PBXSourcesBuildPhase section */

/* Begin PBXVariantGroup section */
		6636465D1DE0C3EA00E6D719 /* Main.storyboard */ = {
			isa = PBXVariantGroup;
			children = (
				6636465E1DE0C3EA00E6D719 /* Base */,
			);
			name = Main.storyboard;
			sourceTree = "<group>";
		};
		663646621DE0C3EA00E6D719 /* LaunchScreen.storyboard */ = {
			isa = PBXVariantGroup;
			children = (
				663646631DE0C3EA00E6D719 /* Base */,
			);
			name = LaunchScreen.storyboard;
			sourceTree = "<group>";
		};
/* End PBXVariantGroup section */

/* Begin XCBuildConfiguration section */
		663646661DE0C3EA00E6D719 /* Debug */ = {
			isa = XCBuildConfiguration;
			buildSettings = {
				ALWAYS_SEARCH_USER_PATHS = NO;
				CLANG_ANALYZER_NONNULL = YES;
				CLANG_CXX_LANGUAGE_STANDARD = "gnu++0x";
				CLANG_CXX_LIBRARY = "libc++";
				CLANG_ENABLE_MODULES = YES;
				CLANG_ENABLE_OBJC_ARC = YES;
				CLANG_WARN_BOOL_CONVERSION = YES;
				CLANG_WARN_CONSTANT_CONVERSION = YES;
				CLANG_WARN_DIRECT_OBJC_ISA_USAGE = YES_ERROR;
				CLANG_WARN_DOCUMENTATION_COMMENTS = YES;
				CLANG_WARN_EMPTY_BODY = YES;
				CLANG_WARN_ENUM_CONVERSION = YES;
				CLANG_WARN_INFINITE_RECURSION = YES;
				CLANG_WARN_INT_CONVERSION = YES;
				CLANG_WARN_OBJC_ROOT_CLASS = YES_ERROR;
				CLANG_WARN_SUSPICIOUS_MOVE = YES;
				CLANG_WARN_SUSPICIOUS_MOVES = YES;
				CLANG_WARN_UNREACHABLE_CODE = YES;
				CLANG_WARN__DUPLICATE_METHOD_MATCH = YES;
				"CODE_SIGN_IDENTITY[sdk=iphoneos*]" = "iPhone Developer";
				COPY_PHASE_STRIP = NO;
				DEBUG_INFORMATION_FORMAT = dwarf;
				ENABLE_STRICT_OBJC_MSGSEND = YES;
				ENABLE_TESTABILITY = YES;
				GCC_C_LANGUAGE_STANDARD = gnu99;
				GCC_DYNAMIC_NO_PIC = NO;
				GCC_NO_COMMON_BLOCKS = YES;
				GCC_OPTIMIZATION_LEVEL = 0;
				GCC_PREPROCESSOR_DEFINITIONS = (
					"DEBUG=1",
					"$(inherited)",
				);
				GCC_WARN_64_TO_32_BIT_CONVERSION = YES;
				GCC_WARN_ABOUT_RETURN_TYPE = YES_ERROR;
				GCC_WARN_UNDECLARED_SELECTOR = YES;
				GCC_WARN_UNINITIALIZED_AUTOS = YES_AGGRESSIVE;
				GCC_WARN_UNUSED_FUNCTION = YES;
				GCC_WARN_UNUSED_VARIABLE = YES;
				IPHONEOS_DEPLOYMENT_TARGET = 10.1;
				MTL_ENABLE_DEBUG_INFO = YES;
				ONLY_ACTIVE_ARCH = YES;
				SDKROOT = iphoneos;
				SWIFT_ACTIVE_COMPILATION_CONDITIONS = DEBUG;
				SWIFT_OPTIMIZATION_LEVEL = "-Onone";
				TARGETED_DEVICE_FAMILY = "1,2";
			};
			name = Debug;
		};
		663646671DE0C3EA00E6D719 /* Release */ = {
			isa = XCBuildConfiguration;
			buildSettings = {
				ALWAYS_SEARCH_USER_PATHS = NO;
				CLANG_ANALYZER_NONNULL = YES;
				CLANG_CXX_LANGUAGE_STANDARD = "gnu++0x";
				CLANG_CXX_LIBRARY = "libc++";
				CLANG_ENABLE_MODULES = YES;
				CLANG_ENABLE_OBJC_ARC = YES;
				CLANG_WARN_BOOL_CONVERSION = YES;
				CLANG_WARN_CONSTANT_CONVERSION = YES;
				CLANG_WARN_DIRECT_OBJC_ISA_USAGE = YES_ERROR;
				CLANG_WARN_DOCUMENTATION_COMMENTS = YES;
				CLANG_WARN_EMPTY_BODY = YES;
				CLANG_WARN_ENUM_CONVERSION = YES;
				CLANG_WARN_INFINITE_RECURSION = YES;
				CLANG_WARN_INT_CONVERSION = YES;
				CLANG_WARN_OBJC_ROOT_CLASS = YES_ERROR;
				CLANG_WARN_SUSPICIOUS_MOVE = YES;
				CLANG_WARN_SUSPICIOUS_MOVES = YES;
				CLANG_WARN_UNREACHABLE_CODE = YES;
				CLANG_WARN__DUPLICATE_METHOD_MATCH = YES;
				"CODE_SIGN_IDENTITY[sdk=iphoneos*]" = "iPhone Developer";
				COPY_PHASE_STRIP = NO;
				DEBUG_INFORMATION_FORMAT = "dwarf-with-dsym";
				ENABLE_NS_ASSERTIONS = NO;
				ENABLE_STRICT_OBJC_MSGSEND = YES;
				GCC_C_LANGUAGE_STANDARD = gnu99;
				GCC_NO_COMMON_BLOCKS = YES;
				GCC_WARN_64_TO_32_BIT_CONVERSION = YES;
				GCC_WARN_ABOUT_RETURN_TYPE = YES_ERROR;
				GCC_WARN_UNDECLARED_SELECTOR = YES;
				GCC_WARN_UNINITIALIZED_AUTOS = YES_AGGRESSIVE;
				GCC_WARN_UNUSED_FUNCTION = YES;
				GCC_WARN_UNUSED_VARIABLE = YES;
				IPHONEOS_DEPLOYMENT_TARGET = 10.1;
				MTL_ENABLE_DEBUG_INFO = NO;
				SDKROOT = iphoneos;
				SWIFT_OPTIMIZATION_LEVEL = "-Owholemodule";
				TARGETED_DEVICE_FAMILY = "1,2";
				VALIDATE_PRODUCT = YES;
			};
			name = Release;
		};
		663646691DE0C3EA00E6D719 /* Debug */ = {
			isa = XCBuildConfiguration;
			baseConfigurationReference = D218658870BE7C0C8667A861 /* Pods-ColourBook.debug.xcconfig */;
			buildSettings = {
				ASSETCATALOG_COMPILER_APPICON_NAME = AppIcon;
				"CODE_SIGN_IDENTITY[sdk=iphoneos*]" = "iPhone Developer";
				DEVELOPMENT_TEAM = VDQS4882Z8;
				FRAMEWORK_SEARCH_PATHS = (
					"$(inherited)",
					"$(PROJECT_DIR)",
				);
				INFOPLIST_FILE = ColourBook/Info.plist;
				IPHONEOS_DEPLOYMENT_TARGET = 10.2;
				LD_RUNPATH_SEARCH_PATHS = "$(inherited) @executable_path/Frameworks";
				PRODUCT_BUNDLE_IDENTIFIER = .ColourBook;
				PRODUCT_NAME = "$(TARGET_NAME)";
				SWIFT_VERSION = 3.0;
				TARGETED_DEVICE_FAMILY = "1,2";
			};
			name = Debug;
		};
		6636466A1DE0C3EA00E6D719 /* Release */ = {
			isa = XCBuildConfiguration;
			baseConfigurationReference = 582541D0C63B9F68DF683CF9 /* Pods-ColourBook.release.xcconfig */;
			buildSettings = {
				ASSETCATALOG_COMPILER_APPICON_NAME = AppIcon;
				"CODE_SIGN_IDENTITY[sdk=iphoneos*]" = "iPhone Developer";
				DEVELOPMENT_TEAM = VDQS4882Z8;
				FRAMEWORK_SEARCH_PATHS = (
					"$(inherited)",
					"$(PROJECT_DIR)",
				);
				INFOPLIST_FILE = ColourBook/Info.plist;
				IPHONEOS_DEPLOYMENT_TARGET = 10.2;
				LD_RUNPATH_SEARCH_PATHS = "$(inherited) @executable_path/Frameworks";
				PRODUCT_BUNDLE_IDENTIFIER = .ColourBook;
				PRODUCT_NAME = "$(TARGET_NAME)";
				SWIFT_ACTIVE_COMPILATION_CONDITIONS = "";
				SWIFT_OPTIMIZATION_LEVEL = "-Owholemodule";
				SWIFT_VERSION = 3.0;
				TARGETED_DEVICE_FAMILY = "1,2";
			};
			name = Release;
		};
/* End XCBuildConfiguration section */

/* Begin XCConfigurationList section */
		663646511DE0C3EA00E6D719 /* Build configuration list for PBXProject "ColourBook" */ = {
			isa = XCConfigurationList;
			buildConfigurations = (
				663646661DE0C3EA00E6D719 /* Debug */,
				663646671DE0C3EA00E6D719 /* Release */,
			);
			defaultConfigurationIsVisible = 0;
			defaultConfigurationName = Release;
		};
		663646681DE0C3EA00E6D719 /* Build configuration list for PBXNativeTarget "ColourBook" */ = {
			isa = XCConfigurationList;
			buildConfigurations = (
				663646691DE0C3EA00E6D719 /* Debug */,
				6636466A1DE0C3EA00E6D719 /* Release */,
			);
			defaultConfigurationIsVisible = 0;
			defaultConfigurationName = Release;
		};
/* End XCConfigurationList section */
	};
	rootObject = 6636464E1DE0C3EA00E6D719 /* Project object */;
}
